
Microsoft Visual Studio Solution File, Format Version 12.00
# Visual Studio Version 17
VisualStudioVersion = 17.0.31903.59
MinimumVisualStudioVersion = 10.0.40219.1
Project("{2150E333-8FDC-42A3-9474-1A3956D46DE8}") = "src", "src", "{4CECCA42-6187-45C4-A510-2A69BE110B48}"
EndProject
Project("{2150E333-8FDC-42A3-9474-1A3956D46DE8}") = "test", "test", "{61489102-9855-4457-BA98-879C49366D1A}"
EndProject
Project("{FAE04EC0-301F-11D3-BF4B-00C04F79EFBC}") = "Chirp.Web", "src\Chirp.Web\Chirp.Web.csproj", "{B227639B-F378-432C-92AE-4A8C62AD2210}"
EndProject
Project("{FAE04EC0-301F-11D3-BF4B-00C04F79EFBC}") = "Chirp.RazorPages.Tests", "test\Chirp.RazorPages.Tests\Chirp.RazorPages.Tests.csproj", "{1B6591CF-2DAB-4D79-BA75-5DAED992C67B}"
EndProject
Project("{FAE04EC0-301F-11D3-BF4B-00C04F79EFBC}") = "Chirp.Core", "src\Chirp.Core\Chirp.Core.csproj", "{4524A849-5BA8-43B5-806D-8967273475DF}"
EndProject
Project("{FAE04EC0-301F-11D3-BF4B-00C04F79EFBC}") = "Chirp.Infrastructure", "src\Chirp.Infrastructure\Chirp.Infrastructure.csproj", "{FE8313B9-E2DB-4906-991E-4E2D2CF80F8C}"
EndProject
Project("{FAE04EC0-301F-11D3-BF4B-00C04F79EFBC}") = "Chirp.Infrastructure.Tests", "test\Chirp.Infrastructure.Tests\Chirp.Infrastructure.Tests.csproj", "{3610126D-F13B-4BF1-8E9B-51DDD87B2132}"
EndProject
Project("{FAE04EC0-301F-11D3-BF4B-00C04F79EFBC}") = "Chirp.Core.Tests", "test\Chirp.core.Tests\Chirp.Core.Tests.csproj", "{A6280310-B137-427A-BD47-5A7CF44CCA10}"
EndProject
Global
	GlobalSection(SolutionConfigurationPlatforms) = preSolution
		Debug|Any CPU = Debug|Any CPU
		Release|Any CPU = Release|Any CPU
	EndGlobalSection
	GlobalSection(SolutionProperties) = preSolution
		HideSolutionNode = FALSE
	EndGlobalSection
	GlobalSection(ProjectConfigurationPlatforms) = postSolution
		{B227639B-F378-432C-92AE-4A8C62AD2210}.Debug|Any CPU.ActiveCfg = Debug|Any CPU
		{B227639B-F378-432C-92AE-4A8C62AD2210}.Debug|Any CPU.Build.0 = Debug|Any CPU
		{B227639B-F378-432C-92AE-4A8C62AD2210}.Release|Any CPU.ActiveCfg = Release|Any CPU
		{B227639B-F378-432C-92AE-4A8C62AD2210}.Release|Any CPU.Build.0 = Release|Any CPU
		{1B6591CF-2DAB-4D79-BA75-5DAED992C67B}.Debug|Any CPU.ActiveCfg = Debug|Any CPU
		{1B6591CF-2DAB-4D79-BA75-5DAED992C67B}.Debug|Any CPU.Build.0 = Debug|Any CPU
		{1B6591CF-2DAB-4D79-BA75-5DAED992C67B}.Release|Any CPU.ActiveCfg = Release|Any CPU
		{1B6591CF-2DAB-4D79-BA75-5DAED992C67B}.Release|Any CPU.Build.0 = Release|Any CPU
		{4524A849-5BA8-43B5-806D-8967273475DF}.Debug|Any CPU.ActiveCfg = Debug|Any CPU
		{4524A849-5BA8-43B5-806D-8967273475DF}.Debug|Any CPU.Build.0 = Debug|Any CPU
		{4524A849-5BA8-43B5-806D-8967273475DF}.Release|Any CPU.ActiveCfg = Release|Any CPU
		{4524A849-5BA8-43B5-806D-8967273475DF}.Release|Any CPU.Build.0 = Release|Any CPU
		{FE8313B9-E2DB-4906-991E-4E2D2CF80F8C}.Debug|Any CPU.ActiveCfg = Debug|Any CPU
		{FE8313B9-E2DB-4906-991E-4E2D2CF80F8C}.Debug|Any CPU.Build.0 = Debug|Any CPU
		{FE8313B9-E2DB-4906-991E-4E2D2CF80F8C}.Release|Any CPU.ActiveCfg = Release|Any CPU
		{FE8313B9-E2DB-4906-991E-4E2D2CF80F8C}.Release|Any CPU.Build.0 = Release|Any CPU
		{3610126D-F13B-4BF1-8E9B-51DDD87B2132}.Debug|Any CPU.ActiveCfg = Debug|Any CPU
		{3610126D-F13B-4BF1-8E9B-51DDD87B2132}.Debug|Any CPU.Build.0 = Debug|Any CPU
		{3610126D-F13B-4BF1-8E9B-51DDD87B2132}.Release|Any CPU.ActiveCfg = Release|Any CPU
		{3610126D-F13B-4BF1-8E9B-51DDD87B2132}.Release|Any CPU.Build.0 = Release|Any CPU
		{A6280310-B137-427A-BD47-5A7CF44CCA10}.Debug|Any CPU.ActiveCfg = Debug|Any CPU
		{A6280310-B137-427A-BD47-5A7CF44CCA10}.Debug|Any CPU.Build.0 = Debug|Any CPU
		{A6280310-B137-427A-BD47-5A7CF44CCA10}.Release|Any CPU.ActiveCfg = Release|Any CPU
		{A6280310-B137-427A-BD47-5A7CF44CCA10}.Release|Any CPU.Build.0 = Release|Any CPU
	EndGlobalSection
	GlobalSection(NestedProjects) = preSolution
		{B227639B-F378-432C-92AE-4A8C62AD2210} = {4CECCA42-6187-45C4-A510-2A69BE110B48}
		{1B6591CF-2DAB-4D79-BA75-5DAED992C67B} = {61489102-9855-4457-BA98-879C49366D1A}
		{4524A849-5BA8-43B5-806D-8967273475DF} = {4CECCA42-6187-45C4-A510-2A69BE110B48}
		{FE8313B9-E2DB-4906-991E-4E2D2CF80F8C} = {4CECCA42-6187-45C4-A510-2A69BE110B48}
		{3610126D-F13B-4BF1-8E9B-51DDD87B2132} = {61489102-9855-4457-BA98-879C49366D1A}
		{A6280310-B137-427A-BD47-5A7CF44CCA10} = {61489102-9855-4457-BA98-879C49366D1A}
	EndGlobalSection
EndGlobal
