
Microsoft Visual Studio Solution File, Format Version 12.00
# Visual Studio Version 17
VisualStudioVersion = 17.0.31903.59
MinimumVisualStudioVersion = 10.0.40219.1
Project("{2150E333-8FDC-42A3-9474-1A3956D46DE8}") = "src", "src", "{4CECCA42-6187-45C4-A510-2A69BE110B48}"
EndProject
Project("{FAE04EC0-301F-11D3-BF4B-00C04F79EFBC}") = "Chirp.CLI", "src\Chirp.CLI\Chirp.CLI.csproj", "{32ED0592-2875-4FCA-B0E5-FC014FADAE86}"
EndProject
Project("{FAE04EC0-301F-11D3-BF4B-00C04F79EFBC}") = "WebService", "src\WebService\WebService.csproj", "{7F5CCD3C-C089-4E32-B367-5697614A0558}"
EndProject
Project("{2150E333-8FDC-42A3-9474-1A3956D46DE8}") = "test", "test", "{61489102-9855-4457-BA98-879C49366D1A}"
EndProject
Project("{FAE04EC0-301F-11D3-BF4B-00C04F79EFBC}") = "Chirp.CSVDB.Tests", "test\Chirp.CSVDB.Tests\Chirp.CSVDB.Tests.csproj", "{82371155-E344-41C8-A033-0C509B124180}"
EndProject
Project("{FAE04EC0-301F-11D3-BF4B-00C04F79EFBC}") = "ChirpCLITests", "test\ChirpCLI.Tests\ChirpCLITests.csproj", "{99B47612-1D19-46C3-A836-3D99CB0C2E73}"
EndProject
Global
	GlobalSection(SolutionConfigurationPlatforms) = preSolution
		Debug|Any CPU = Debug|Any CPU
		Release|Any CPU = Release|Any CPU
	EndGlobalSection
	GlobalSection(SolutionProperties) = preSolution
		HideSolutionNode = FALSE
	EndGlobalSection
	GlobalSection(ProjectConfigurationPlatforms) = postSolution
		{32ED0592-2875-4FCA-B0E5-FC014FADAE86}.Debug|Any CPU.ActiveCfg = Debug|Any CPU
		{32ED0592-2875-4FCA-B0E5-FC014FADAE86}.Debug|Any CPU.Build.0 = Debug|Any CPU
		{32ED0592-2875-4FCA-B0E5-FC014FADAE86}.Release|Any CPU.ActiveCfg = Release|Any CPU
		{32ED0592-2875-4FCA-B0E5-FC014FADAE86}.Release|Any CPU.Build.0 = Release|Any CPU
		{7F5CCD3C-C089-4E32-B367-5697614A0558}.Debug|Any CPU.ActiveCfg = Debug|Any CPU
		{7F5CCD3C-C089-4E32-B367-5697614A0558}.Debug|Any CPU.Build.0 = Debug|Any CPU
		{7F5CCD3C-C089-4E32-B367-5697614A0558}.Release|Any CPU.ActiveCfg = Release|Any CPU
		{7F5CCD3C-C089-4E32-B367-5697614A0558}.Release|Any CPU.Build.0 = Release|Any CPU
		{82371155-E344-41C8-A033-0C509B124180}.Debug|Any CPU.ActiveCfg = Debug|Any CPU
		{82371155-E344-41C8-A033-0C509B124180}.Debug|Any CPU.Build.0 = Debug|Any CPU
		{82371155-E344-41C8-A033-0C509B124180}.Release|Any CPU.ActiveCfg = Release|Any CPU
		{82371155-E344-41C8-A033-0C509B124180}.Release|Any CPU.Build.0 = Release|Any CPU
		{99B47612-1D19-46C3-A836-3D99CB0C2E73}.Debug|Any CPU.ActiveCfg = Debug|Any CPU
		{99B47612-1D19-46C3-A836-3D99CB0C2E73}.Debug|Any CPU.Build.0 = Debug|Any CPU
		{99B47612-1D19-46C3-A836-3D99CB0C2E73}.Release|Any CPU.ActiveCfg = Release|Any CPU
		{99B47612-1D19-46C3-A836-3D99CB0C2E73}.Release|Any CPU.Build.0 = Release|Any CPU
	EndGlobalSection
	GlobalSection(NestedProjects) = preSolution
		{32ED0592-2875-4FCA-B0E5-FC014FADAE86} = {4CECCA42-6187-45C4-A510-2A69BE110B48}
		{7F5CCD3C-C089-4E32-B367-5697614A0558} = {4CECCA42-6187-45C4-A510-2A69BE110B48}
		{82371155-E344-41C8-A033-0C509B124180} = {61489102-9855-4457-BA98-879C49366D1A}
		{99B47612-1D19-46C3-A836-3D99CB0C2E73} = {61489102-9855-4457-BA98-879C49366D1A}
	EndGlobalSection
EndGlobal
